
Microsoft Visual Studio Solution File, Format Version 12.00
# Visual Studio Version 17
VisualStudioVersion = 17.5.33530.505
MinimumVisualStudioVersion = 10.0.40219.1
Project("{FAE04EC0-301F-11D3-BF4B-00C04F79EFBC}") = "GetOpcUaServerNodesTree", "GetOpcUaServerNodesTree\GetOpcUaServerNodesTree.csproj", "{9F4A8832-DB01-4E28-9517-3B0545E96EDD}"
EndProject
Global
	GlobalSection(SolutionConfigurationPlatforms) = preSolution
		Debug|Any CPU = Debug|Any CPU
		Release|Any CPU = Release|Any CPU
	EndGlobalSection
	GlobalSection(ProjectConfigurationPlatforms) = postSolution
		{9F4A8832-DB01-4E28-9517-3B0545E96EDD}.Debug|Any CPU.ActiveCfg = Debug|Any CPU
		{9F4A8832-DB01-4E28-9517-3B0545E96EDD}.Debug|Any CPU.Build.0 = Debug|Any CPU
		{9F4A8832-DB01-4E28-9517-3B0545E96EDD}.Release|Any CPU.ActiveCfg = Release|Any CPU
		{9F4A8832-DB01-4E28-9517-3B0545E96EDD}.Release|Any CPU.Build.0 = Release|Any CPU
	EndGlobalSection
	GlobalSection(SolutionProperties) = preSolution
		HideSolutionNode = FALSE
	EndGlobalSection
	GlobalSection(ExtensibilityGlobals) = postSolution
		SolutionGuid = {910C24ED-1531-4BD8-8472-1D53F8E9AE3A}
	EndGlobalSection
EndGlobal
